
Microsoft Visual Studio Solution File, Format Version 12.00
# Visual Studio 14
VisualStudioVersion = 14.0.25123.0
MinimumVisualStudioVersion = 10.0.40219.1
Project("{FAE04EC0-301F-11D3-BF4B-00C04F79EFBC}") = "CoffeeApplication", "CoffeeApplication\CoffeeApplication.csproj", "{640F4343-FFE9-4934-B551-8129790F4E97}"
EndProject
Project("{FAE04EC0-301F-11D3-BF4B-00C04F79EFBC}") = "CoffeeWebsite", "CoffeeWebsite\CoffeeWebsite.csproj", "{8D11AD08-C8D7-4CA1-AC97-875F5FAD19BA}"
EndProject
Global
	GlobalSection(SolutionConfigurationPlatforms) = preSolution
		Debug|Any CPU = Debug|Any CPU
		Release|Any CPU = Release|Any CPU
	EndGlobalSection
	GlobalSection(ProjectConfigurationPlatforms) = postSolution
		{640F4343-FFE9-4934-B551-8129790F4E97}.Debug|Any CPU.ActiveCfg = Debug|Any CPU
		{640F4343-FFE9-4934-B551-8129790F4E97}.Debug|Any CPU.Build.0 = Debug|Any CPU
		{640F4343-FFE9-4934-B551-8129790F4E97}.Release|Any CPU.ActiveCfg = Release|Any CPU
		{640F4343-FFE9-4934-B551-8129790F4E97}.Release|Any CPU.Build.0 = Release|Any CPU
		{8D11AD08-C8D7-4CA1-AC97-875F5FAD19BA}.Debug|Any CPU.ActiveCfg = Debug|Any CPU
		{8D11AD08-C8D7-4CA1-AC97-875F5FAD19BA}.Debug|Any CPU.Build.0 = Debug|Any CPU
		{8D11AD08-C8D7-4CA1-AC97-875F5FAD19BA}.Release|Any CPU.ActiveCfg = Release|Any CPU
		{8D11AD08-C8D7-4CA1-AC97-875F5FAD19BA}.Release|Any CPU.Build.0 = Release|Any CPU
	EndGlobalSection
	GlobalSection(SolutionProperties) = preSolution
		HideSolutionNode = FALSE
	EndGlobalSection
EndGlobal
